
Microsoft Visual Studio Solution File, Format Version 12.00
# Visual Studio Version 17
VisualStudioVersion = 17.7.34024.191
MinimumVisualStudioVersion = 10.0.40219.1
Project("{FAE04EC0-301F-11D3-BF4B-00C04F79EFBC}") = "ai for games lab week 1", "ai for games lab week 1\ai for games lab week 1.csproj", "{BF4E33CE-9879-4A8E-9DF8-458E1A35D268}"
EndProject
Global
	GlobalSection(SolutionConfigurationPlatforms) = preSolution
		Debug|Any CPU = Debug|Any CPU
		Release|Any CPU = Release|Any CPU
	EndGlobalSection
	GlobalSection(ProjectConfigurationPlatforms) = postSolution
		{BF4E33CE-9879-4A8E-9DF8-458E1A35D268}.Debug|Any CPU.ActiveCfg = Debug|Any CPU
		{BF4E33CE-9879-4A8E-9DF8-458E1A35D268}.Debug|Any CPU.Build.0 = Debug|Any CPU
		{BF4E33CE-9879-4A8E-9DF8-458E1A35D268}.Release|Any CPU.ActiveCfg = Release|Any CPU
		{BF4E33CE-9879-4A8E-9DF8-458E1A35D268}.Release|Any CPU.Build.0 = Release|Any CPU
	EndGlobalSection
	GlobalSection(SolutionProperties) = preSolution
		HideSolutionNode = FALSE
	EndGlobalSection
	GlobalSection(ExtensibilityGlobals) = postSolution
		SolutionGuid = {5AFBB956-82A6-4D3C-AD26-27913732F4F9}
	EndGlobalSection
EndGlobal
